
Microsoft Visual Studio Solution File, Format Version 12.00
# Visual Studio 15
VisualStudioVersion = 15.0.26730.16
MinimumVisualStudioVersion = 10.0.40219.1
Project("{2150E333-8FDC-42A3-9474-1A3956D46DE8}") = "src", "src", "{AFAA0841-BD93-466F-B8F4-FB4EEC86F1FC}"
EndProject
Project("{2150E333-8FDC-42A3-9474-1A3956D46DE8}") = "test", "test", "{F10AA149-2626-486E-85BB-9CD5365F3016}"
EndProject
Project("{9A19103F-16F7-4668-BE54-9A1E7A4F7556}") = "KuMaDaoCoreAbp.Core", "src\KuMaDaoCoreAbp.Core\KuMaDaoCoreAbp.Core.csproj", "{0FA75A5B-AB83-4FD0-B545-279774C01E87}"
EndProject
Project("{9A19103F-16F7-4668-BE54-9A1E7A4F7556}") = "KuMaDaoCoreAbp.Application", "src\KuMaDaoCoreAbp.Application\KuMaDaoCoreAbp.Application.csproj", "{3870C648-4AEA-4B85-BA3F-F2F63B96136A}"
EndProject
Project("{9A19103F-16F7-4668-BE54-9A1E7A4F7556}") = "KuMaDaoCoreAbp.Tests", "test\KuMaDaoCoreAbp.Tests\KuMaDaoCoreAbp.Tests.csproj", "{0D4C5D00-C144-4213-A007-4B8944113AB1}"
EndProject
Project("{9A19103F-16F7-4668-BE54-9A1E7A4F7556}") = "KuMaDaoCoreAbp.Migrator", "src\KuMaDaoCoreAbp.Migrator\KuMaDaoCoreAbp.Migrator.csproj", "{880B3591-E057-46FE-B525-10BD83828B93}"
EndProject
Project("{9A19103F-16F7-4668-BE54-9A1E7A4F7556}") = "KuMaDaoCoreAbp.Web.Host", "src\KuMaDaoCoreAbp.Web.Host\KuMaDaoCoreAbp.Web.Host.csproj", "{38E184BD-E874-4633-A947-AED4FDB73F40}"
EndProject
Project("{9A19103F-16F7-4668-BE54-9A1E7A4F7556}") = "KuMaDaoCoreAbp.Web.Core", "src\KuMaDaoCoreAbp.Web.Core\KuMaDaoCoreAbp.Web.Core.csproj", "{22CFE0D2-8DCA-42D7-AD7D-784C3862493F}"
EndProject
Project("{9A19103F-16F7-4668-BE54-9A1E7A4F7556}") = "KuMaDaoCoreAbp.Web.Mvc", "src\KuMaDaoCoreAbp.Web.Mvc\KuMaDaoCoreAbp.Web.Mvc.csproj", "{A2213374-BB48-48FD-BBD4-81E6A961D866}"
EndProject
Project("{888888A0-9F3D-457C-B088-3A5042F75D52}") = "01test", "..\LearnPython\01test\01test.pyproj", "{0B4C4DC3-DB9D-44C9-95CD-F33A32166C84}"
EndProject
Project("{9A19103F-16F7-4668-BE54-9A1E7A4F7556}") = "ConsoleTest", "ConsoleTest\ConsoleTest.csproj", "{49530E22-9C68-441A-AFEC-872A96093A75}"
EndProject
Project("{2150E333-8FDC-42A3-9474-1A3956D46DE8}") = "Tools", "Tools", "{81A15C2B-5962-402F-B671-00BE3AA95917}"
EndProject
Project("{9A19103F-16F7-4668-BE54-9A1E7A4F7556}") = "Amayer.Common", "Extension\Amayer.Common.csproj", "{3D639AE1-45C9-4003-8746-2C30EE0CDDBC}"
EndProject
Project("{9A19103F-16F7-4668-BE54-9A1E7A4F7556}") = "KuMaDaoCoreAbp.EntityFrameworkCore", "src\KuMaDaoCoreAbp.EntityFrameworkCore\KuMaDaoCoreAbp.EntityFrameworkCore.csproj", "{7D24162D-1598-487F-941D-C7BB249A1037}"
EndProject
Global
	GlobalSection(SolutionConfigurationPlatforms) = preSolution
		Debug|Any CPU = Debug|Any CPU
		Debug|x64 = Debug|x64
		Release|Any CPU = Release|Any CPU
		Release|x64 = Release|x64
	EndGlobalSection
	GlobalSection(ProjectConfigurationPlatforms) = postSolution
		{0FA75A5B-AB83-4FD0-B545-279774C01E87}.Debug|Any CPU.ActiveCfg = Debug|Any CPU
		{0FA75A5B-AB83-4FD0-B545-279774C01E87}.Debug|Any CPU.Build.0 = Debug|Any CPU
		{0FA75A5B-AB83-4FD0-B545-279774C01E87}.Debug|x64.ActiveCfg = Debug|Any CPU
		{0FA75A5B-AB83-4FD0-B545-279774C01E87}.Debug|x64.Build.0 = Debug|Any CPU
		{0FA75A5B-AB83-4FD0-B545-279774C01E87}.Release|Any CPU.ActiveCfg = Release|Any CPU
		{0FA75A5B-AB83-4FD0-B545-279774C01E87}.Release|Any CPU.Build.0 = Release|Any CPU
		{0FA75A5B-AB83-4FD0-B545-279774C01E87}.Release|x64.ActiveCfg = Release|Any CPU
		{0FA75A5B-AB83-4FD0-B545-279774C01E87}.Release|x64.Build.0 = Release|Any CPU
		{3870C648-4AEA-4B85-BA3F-F2F63B96136A}.Debug|Any CPU.ActiveCfg = Debug|Any CPU
		{3870C648-4AEA-4B85-BA3F-F2F63B96136A}.Debug|Any CPU.Build.0 = Debug|Any CPU
		{3870C648-4AEA-4B85-BA3F-F2F63B96136A}.Debug|x64.ActiveCfg = Debug|Any CPU
		{3870C648-4AEA-4B85-BA3F-F2F63B96136A}.Debug|x64.Build.0 = Debug|Any CPU
		{3870C648-4AEA-4B85-BA3F-F2F63B96136A}.Release|Any CPU.ActiveCfg = Release|Any CPU
		{3870C648-4AEA-4B85-BA3F-F2F63B96136A}.Release|Any CPU.Build.0 = Release|Any CPU
		{3870C648-4AEA-4B85-BA3F-F2F63B96136A}.Release|x64.ActiveCfg = Release|Any CPU
		{3870C648-4AEA-4B85-BA3F-F2F63B96136A}.Release|x64.Build.0 = Release|Any CPU
		{0D4C5D00-C144-4213-A007-4B8944113AB1}.Debug|Any CPU.ActiveCfg = Debug|Any CPU
		{0D4C5D00-C144-4213-A007-4B8944113AB1}.Debug|Any CPU.Build.0 = Debug|Any CPU
		{0D4C5D00-C144-4213-A007-4B8944113AB1}.Debug|x64.ActiveCfg = Debug|Any CPU
		{0D4C5D00-C144-4213-A007-4B8944113AB1}.Debug|x64.Build.0 = Debug|Any CPU
		{0D4C5D00-C144-4213-A007-4B8944113AB1}.Release|Any CPU.ActiveCfg = Release|Any CPU
		{0D4C5D00-C144-4213-A007-4B8944113AB1}.Release|Any CPU.Build.0 = Release|Any CPU
		{0D4C5D00-C144-4213-A007-4B8944113AB1}.Release|x64.ActiveCfg = Release|Any CPU
		{0D4C5D00-C144-4213-A007-4B8944113AB1}.Release|x64.Build.0 = Release|Any CPU
		{880B3591-E057-46FE-B525-10BD83828B93}.Debug|Any CPU.ActiveCfg = Debug|Any CPU
		{880B3591-E057-46FE-B525-10BD83828B93}.Debug|Any CPU.Build.0 = Debug|Any CPU
		{880B3591-E057-46FE-B525-10BD83828B93}.Debug|x64.ActiveCfg = Debug|Any CPU
		{880B3591-E057-46FE-B525-10BD83828B93}.Debug|x64.Build.0 = Debug|Any CPU
		{880B3591-E057-46FE-B525-10BD83828B93}.Release|Any CPU.ActiveCfg = Release|Any CPU
		{880B3591-E057-46FE-B525-10BD83828B93}.Release|Any CPU.Build.0 = Release|Any CPU
		{880B3591-E057-46FE-B525-10BD83828B93}.Release|x64.ActiveCfg = Release|Any CPU
		{880B3591-E057-46FE-B525-10BD83828B93}.Release|x64.Build.0 = Release|Any CPU
		{38E184BD-E874-4633-A947-AED4FDB73F40}.Debug|Any CPU.ActiveCfg = Debug|Any CPU
		{38E184BD-E874-4633-A947-AED4FDB73F40}.Debug|Any CPU.Build.0 = Debug|Any CPU
		{38E184BD-E874-4633-A947-AED4FDB73F40}.Debug|x64.ActiveCfg = Debug|Any CPU
		{38E184BD-E874-4633-A947-AED4FDB73F40}.Debug|x64.Build.0 = Debug|Any CPU
		{38E184BD-E874-4633-A947-AED4FDB73F40}.Release|Any CPU.ActiveCfg = Release|Any CPU
		{38E184BD-E874-4633-A947-AED4FDB73F40}.Release|Any CPU.Build.0 = Release|Any CPU
		{38E184BD-E874-4633-A947-AED4FDB73F40}.Release|x64.ActiveCfg = Release|Any CPU
		{38E184BD-E874-4633-A947-AED4FDB73F40}.Release|x64.Build.0 = Release|Any CPU
		{22CFE0D2-8DCA-42D7-AD7D-784C3862493F}.Debug|Any CPU.ActiveCfg = Debug|Any CPU
		{22CFE0D2-8DCA-42D7-AD7D-784C3862493F}.Debug|Any CPU.Build.0 = Debug|Any CPU
		{22CFE0D2-8DCA-42D7-AD7D-784C3862493F}.Debug|x64.ActiveCfg = Debug|Any CPU
		{22CFE0D2-8DCA-42D7-AD7D-784C3862493F}.Debug|x64.Build.0 = Debug|Any CPU
		{22CFE0D2-8DCA-42D7-AD7D-784C3862493F}.Release|Any CPU.ActiveCfg = Release|Any CPU
		{22CFE0D2-8DCA-42D7-AD7D-784C3862493F}.Release|Any CPU.Build.0 = Release|Any CPU
		{22CFE0D2-8DCA-42D7-AD7D-784C3862493F}.Release|x64.ActiveCfg = Release|Any CPU
		{22CFE0D2-8DCA-42D7-AD7D-784C3862493F}.Release|x64.Build.0 = Release|Any CPU
		{A2213374-BB48-48FD-BBD4-81E6A961D866}.Debug|Any CPU.ActiveCfg = Debug|Any CPU
		{A2213374-BB48-48FD-BBD4-81E6A961D866}.Debug|Any CPU.Build.0 = Debug|Any CPU
		{A2213374-BB48-48FD-BBD4-81E6A961D866}.Debug|x64.ActiveCfg = Debug|Any CPU
		{A2213374-BB48-48FD-BBD4-81E6A961D866}.Debug|x64.Build.0 = Debug|Any CPU
		{A2213374-BB48-48FD-BBD4-81E6A961D866}.Release|Any CPU.ActiveCfg = Release|Any CPU
		{A2213374-BB48-48FD-BBD4-81E6A961D866}.Release|Any CPU.Build.0 = Release|Any CPU
		{A2213374-BB48-48FD-BBD4-81E6A961D866}.Release|x64.ActiveCfg = Release|Any CPU
		{A2213374-BB48-48FD-BBD4-81E6A961D866}.Release|x64.Build.0 = Release|Any CPU
		{0B4C4DC3-DB9D-44C9-95CD-F33A32166C84}.Debug|Any CPU.ActiveCfg = Debug|Any CPU
		{0B4C4DC3-DB9D-44C9-95CD-F33A32166C84}.Debug|x64.ActiveCfg = Debug|Any CPU
		{0B4C4DC3-DB9D-44C9-95CD-F33A32166C84}.Release|Any CPU.ActiveCfg = Release|Any CPU
		{0B4C4DC3-DB9D-44C9-95CD-F33A32166C84}.Release|x64.ActiveCfg = Release|Any CPU
		{49530E22-9C68-441A-AFEC-872A96093A75}.Debug|Any CPU.ActiveCfg = Debug|Any CPU
		{49530E22-9C68-441A-AFEC-872A96093A75}.Debug|Any CPU.Build.0 = Debug|Any CPU
		{49530E22-9C68-441A-AFEC-872A96093A75}.Debug|x64.ActiveCfg = Debug|Any CPU
		{49530E22-9C68-441A-AFEC-872A96093A75}.Debug|x64.Build.0 = Debug|Any CPU
		{49530E22-9C68-441A-AFEC-872A96093A75}.Release|Any CPU.ActiveCfg = Release|Any CPU
		{49530E22-9C68-441A-AFEC-872A96093A75}.Release|Any CPU.Build.0 = Release|Any CPU
		{49530E22-9C68-441A-AFEC-872A96093A75}.Release|x64.ActiveCfg = Release|Any CPU
		{49530E22-9C68-441A-AFEC-872A96093A75}.Release|x64.Build.0 = Release|Any CPU
		{3D639AE1-45C9-4003-8746-2C30EE0CDDBC}.Debug|Any CPU.ActiveCfg = Debug|Any CPU
		{3D639AE1-45C9-4003-8746-2C30EE0CDDBC}.Debug|Any CPU.Build.0 = Debug|Any CPU
		{3D639AE1-45C9-4003-8746-2C30EE0CDDBC}.Debug|x64.ActiveCfg = Debug|Any CPU
		{3D639AE1-45C9-4003-8746-2C30EE0CDDBC}.Debug|x64.Build.0 = Debug|Any CPU
		{3D639AE1-45C9-4003-8746-2C30EE0CDDBC}.Release|Any CPU.ActiveCfg = Release|Any CPU
		{3D639AE1-45C9-4003-8746-2C30EE0CDDBC}.Release|Any CPU.Build.0 = Release|Any CPU
		{3D639AE1-45C9-4003-8746-2C30EE0CDDBC}.Release|x64.ActiveCfg = Release|Any CPU
		{3D639AE1-45C9-4003-8746-2C30EE0CDDBC}.Release|x64.Build.0 = Release|Any CPU
		{7D24162D-1598-487F-941D-C7BB249A1037}.Debug|Any CPU.ActiveCfg = Debug|Any CPU
		{7D24162D-1598-487F-941D-C7BB249A1037}.Debug|Any CPU.Build.0 = Debug|Any CPU
		{7D24162D-1598-487F-941D-C7BB249A1037}.Debug|x64.ActiveCfg = Debug|Any CPU
		{7D24162D-1598-487F-941D-C7BB249A1037}.Debug|x64.Build.0 = Debug|Any CPU
		{7D24162D-1598-487F-941D-C7BB249A1037}.Release|Any CPU.ActiveCfg = Release|Any CPU
		{7D24162D-1598-487F-941D-C7BB249A1037}.Release|Any CPU.Build.0 = Release|Any CPU
		{7D24162D-1598-487F-941D-C7BB249A1037}.Release|x64.ActiveCfg = Release|Any CPU
		{7D24162D-1598-487F-941D-C7BB249A1037}.Release|x64.Build.0 = Release|Any CPU
	EndGlobalSection
	GlobalSection(SolutionProperties) = preSolution
		HideSolutionNode = FALSE
	EndGlobalSection
	GlobalSection(NestedProjects) = preSolution
		{0FA75A5B-AB83-4FD0-B545-279774C01E87} = {AFAA0841-BD93-466F-B8F4-FB4EEC86F1FC}
		{3870C648-4AEA-4B85-BA3F-F2F63B96136A} = {AFAA0841-BD93-466F-B8F4-FB4EEC86F1FC}
		{0D4C5D00-C144-4213-A007-4B8944113AB1} = {F10AA149-2626-486E-85BB-9CD5365F3016}
		{880B3591-E057-46FE-B525-10BD83828B93} = {AFAA0841-BD93-466F-B8F4-FB4EEC86F1FC}
		{38E184BD-E874-4633-A947-AED4FDB73F40} = {AFAA0841-BD93-466F-B8F4-FB4EEC86F1FC}
		{22CFE0D2-8DCA-42D7-AD7D-784C3862493F} = {AFAA0841-BD93-466F-B8F4-FB4EEC86F1FC}
		{A2213374-BB48-48FD-BBD4-81E6A961D866} = {AFAA0841-BD93-466F-B8F4-FB4EEC86F1FC}
		{49530E22-9C68-441A-AFEC-872A96093A75} = {F10AA149-2626-486E-85BB-9CD5365F3016}
		{3D639AE1-45C9-4003-8746-2C30EE0CDDBC} = {AFAA0841-BD93-466F-B8F4-FB4EEC86F1FC}
		{7D24162D-1598-487F-941D-C7BB249A1037} = {AFAA0841-BD93-466F-B8F4-FB4EEC86F1FC}
	EndGlobalSection
	GlobalSection(ExtensibilityGlobals) = postSolution
		SolutionGuid = {23D2DBE5-5A5D-4A6F-B758-9E7A82CE5226}
	EndGlobalSection
EndGlobal
